
Microsoft Visual Studio Solution File, Format Version 12.00
# Visual Studio Version 17
VisualStudioVersion = 17.13.35931.197
MinimumVisualStudioVersion = 10.0.40219.1
Project("{FAE04EC0-301F-11D3-BF4B-00C04F79EFBC}") = "OtpProvider.WebApi", "OtpProvider.WebApi\OtpProvider.WebApi.csproj", "{F1DBC785-F6A4-4ABD-B926-12DC181022D2}"
EndProject
Project("{54A90642-561A-4BB1-A94E-469ADEE60C69}") = "otpprovider.webapi.ui", "OtpProvider.WebApi.UI\otpprovider.webapi.ui.esproj", "{391C2EBE-03C9-C42C-928D-3306D0A1E3FA}"
EndProject
Project("{FAE04EC0-301F-11D3-BF4B-00C04F79EFBC}") = "OtpProvider.Domain", "OtpProvider.Domain\OtpProvider.Domain.csproj", "{2F2EEBBF-7C50-43CD-83D0-40B9D591C85F}"
EndProject
Project("{FAE04EC0-301F-11D3-BF4B-00C04F79EFBC}") = "OtpProvider.Application", "OtpProvider.Application\OtpProvider.Application.csproj", "{022A1F13-0BE5-4207-8DB9-B14F970516C0}"
EndProject
Project("{FAE04EC0-301F-11D3-BF4B-00C04F79EFBC}") = "OtpProvider.Infrastructure", "OtpProvider.Infrastructure\OtpProvider.Infrastructure.csproj", "{2D4FB912-C6AC-42C3-BEAD-8C92B7F7B119}"
EndProject
Global
	GlobalSection(SolutionConfigurationPlatforms) = preSolution
		Debug|Any CPU = Debug|Any CPU
		Debug|x64 = Debug|x64
		Debug|x86 = Debug|x86
		Release|Any CPU = Release|Any CPU
		Release|x64 = Release|x64
		Release|x86 = Release|x86
	EndGlobalSection
	GlobalSection(ProjectConfigurationPlatforms) = postSolution
		{F1DBC785-F6A4-4ABD-B926-12DC181022D2}.Debug|Any CPU.ActiveCfg = Debug|Any CPU
		{F1DBC785-F6A4-4ABD-B926-12DC181022D2}.Debug|Any CPU.Build.0 = Debug|Any CPU
		{F1DBC785-F6A4-4ABD-B926-12DC181022D2}.Debug|x64.ActiveCfg = Debug|Any CPU
		{F1DBC785-F6A4-4ABD-B926-12DC181022D2}.Debug|x64.Build.0 = Debug|Any CPU
		{F1DBC785-F6A4-4ABD-B926-12DC181022D2}.Debug|x86.ActiveCfg = Debug|Any CPU
		{F1DBC785-F6A4-4ABD-B926-12DC181022D2}.Debug|x86.Build.0 = Debug|Any CPU
		{F1DBC785-F6A4-4ABD-B926-12DC181022D2}.Release|Any CPU.ActiveCfg = Release|Any CPU
		{F1DBC785-F6A4-4ABD-B926-12DC181022D2}.Release|Any CPU.Build.0 = Release|Any CPU
		{F1DBC785-F6A4-4ABD-B926-12DC181022D2}.Release|x64.ActiveCfg = Release|Any CPU
		{F1DBC785-F6A4-4ABD-B926-12DC181022D2}.Release|x64.Build.0 = Release|Any CPU
		{F1DBC785-F6A4-4ABD-B926-12DC181022D2}.Release|x86.ActiveCfg = Release|Any CPU
		{F1DBC785-F6A4-4ABD-B926-12DC181022D2}.Release|x86.Build.0 = Release|Any CPU
		{391C2EBE-03C9-C42C-928D-3306D0A1E3FA}.Debug|Any CPU.ActiveCfg = Debug|Any CPU
		{391C2EBE-03C9-C42C-928D-3306D0A1E3FA}.Debug|Any CPU.Build.0 = Debug|Any CPU
		{391C2EBE-03C9-C42C-928D-3306D0A1E3FA}.Debug|Any CPU.Deploy.0 = Debug|Any CPU
		{391C2EBE-03C9-C42C-928D-3306D0A1E3FA}.Debug|x64.ActiveCfg = Debug|x64
		{391C2EBE-03C9-C42C-928D-3306D0A1E3FA}.Debug|x86.ActiveCfg = Debug|x86
		{391C2EBE-03C9-C42C-928D-3306D0A1E3FA}.Release|Any CPU.ActiveCfg = Release|Any CPU
		{391C2EBE-03C9-C42C-928D-3306D0A1E3FA}.Release|Any CPU.Build.0 = Release|Any CPU
		{391C2EBE-03C9-C42C-928D-3306D0A1E3FA}.Release|Any CPU.Deploy.0 = Release|Any CPU
		{391C2EBE-03C9-C42C-928D-3306D0A1E3FA}.Release|x64.ActiveCfg = Release|x64
		{391C2EBE-03C9-C42C-928D-3306D0A1E3FA}.Release|x86.ActiveCfg = Release|x86
		{2F2EEBBF-7C50-43CD-83D0-40B9D591C85F}.Debug|Any CPU.ActiveCfg = Debug|Any CPU
		{2F2EEBBF-7C50-43CD-83D0-40B9D591C85F}.Debug|Any CPU.Build.0 = Debug|Any CPU
		{2F2EEBBF-7C50-43CD-83D0-40B9D591C85F}.Debug|x64.ActiveCfg = Debug|Any CPU
		{2F2EEBBF-7C50-43CD-83D0-40B9D591C85F}.Debug|x64.Build.0 = Debug|Any CPU
		{2F2EEBBF-7C50-43CD-83D0-40B9D591C85F}.Debug|x86.ActiveCfg = Debug|Any CPU
		{2F2EEBBF-7C50-43CD-83D0-40B9D591C85F}.Debug|x86.Build.0 = Debug|Any CPU
		{2F2EEBBF-7C50-43CD-83D0-40B9D591C85F}.Release|Any CPU.ActiveCfg = Release|Any CPU
		{2F2EEBBF-7C50-43CD-83D0-40B9D591C85F}.Release|Any CPU.Build.0 = Release|Any CPU
		{2F2EEBBF-7C50-43CD-83D0-40B9D591C85F}.Release|x64.ActiveCfg = Release|Any CPU
		{2F2EEBBF-7C50-43CD-83D0-40B9D591C85F}.Release|x64.Build.0 = Release|Any CPU
		{2F2EEBBF-7C50-43CD-83D0-40B9D591C85F}.Release|x86.ActiveCfg = Release|Any CPU
		{2F2EEBBF-7C50-43CD-83D0-40B9D591C85F}.Release|x86.Build.0 = Release|Any CPU
		{022A1F13-0BE5-4207-8DB9-B14F970516C0}.Debug|Any CPU.ActiveCfg = Debug|Any CPU
		{022A1F13-0BE5-4207-8DB9-B14F970516C0}.Debug|Any CPU.Build.0 = Debug|Any CPU
		{022A1F13-0BE5-4207-8DB9-B14F970516C0}.Debug|x64.ActiveCfg = Debug|Any CPU
		{022A1F13-0BE5-4207-8DB9-B14F970516C0}.Debug|x64.Build.0 = Debug|Any CPU
		{022A1F13-0BE5-4207-8DB9-B14F970516C0}.Debug|x86.ActiveCfg = Debug|Any CPU
		{022A1F13-0BE5-4207-8DB9-B14F970516C0}.Debug|x86.Build.0 = Debug|Any CPU
		{022A1F13-0BE5-4207-8DB9-B14F970516C0}.Release|Any CPU.ActiveCfg = Release|Any CPU
		{022A1F13-0BE5-4207-8DB9-B14F970516C0}.Release|Any CPU.Build.0 = Release|Any CPU
		{022A1F13-0BE5-4207-8DB9-B14F970516C0}.Release|x64.ActiveCfg = Release|Any CPU
		{022A1F13-0BE5-4207-8DB9-B14F970516C0}.Release|x64.Build.0 = Release|Any CPU
		{022A1F13-0BE5-4207-8DB9-B14F970516C0}.Release|x86.ActiveCfg = Release|Any CPU
		{022A1F13-0BE5-4207-8DB9-B14F970516C0}.Release|x86.Build.0 = Release|Any CPU
		{2D4FB912-C6AC-42C3-BEAD-8C92B7F7B119}.Debug|Any CPU.ActiveCfg = Debug|Any CPU
		{2D4FB912-C6AC-42C3-BEAD-8C92B7F7B119}.Debug|Any CPU.Build.0 = Debug|Any CPU
		{2D4FB912-C6AC-42C3-BEAD-8C92B7F7B119}.Debug|x64.ActiveCfg = Debug|Any CPU
		{2D4FB912-C6AC-42C3-BEAD-8C92B7F7B119}.Debug|x64.Build.0 = Debug|Any CPU
		{2D4FB912-C6AC-42C3-BEAD-8C92B7F7B119}.Debug|x86.ActiveCfg = Debug|Any CPU
		{2D4FB912-C6AC-42C3-BEAD-8C92B7F7B119}.Debug|x86.Build.0 = Debug|Any CPU
		{2D4FB912-C6AC-42C3-BEAD-8C92B7F7B119}.Release|Any CPU.ActiveCfg = Release|Any CPU
		{2D4FB912-C6AC-42C3-BEAD-8C92B7F7B119}.Release|Any CPU.Build.0 = Release|Any CPU
		{2D4FB912-C6AC-42C3-BEAD-8C92B7F7B119}.Release|x64.ActiveCfg = Release|Any CPU
		{2D4FB912-C6AC-42C3-BEAD-8C92B7F7B119}.Release|x64.Build.0 = Release|Any CPU
		{2D4FB912-C6AC-42C3-BEAD-8C92B7F7B119}.Release|x86.ActiveCfg = Release|Any CPU
		{2D4FB912-C6AC-42C3-BEAD-8C92B7F7B119}.Release|x86.Build.0 = Release|Any CPU
	EndGlobalSection
	GlobalSection(SolutionProperties) = preSolution
		HideSolutionNode = FALSE
	EndGlobalSection
	GlobalSection(ExtensibilityGlobals) = postSolution
		SolutionGuid = {433478B3-D584-41E2-8697-45FE2C7DDE32}
	EndGlobalSection
EndGlobal
